
Microsoft Visual Studio Solution File, Format Version 12.00
# Visual Studio Version 17
VisualStudioVersion = 17.11.35219.272
MinimumVisualStudioVersion = 10.0.40219.1
Project("{FAE04EC0-301F-11D3-BF4B-00C04F79EFBC}") = "CSharpEgitimKampi501", "CSharpEgitimKampi501\CSharpEgitimKampi501.csproj", "{C698CE3E-BAB5-4242-B607-B86C1B9F4B98}"
EndProject
Global
	GlobalSection(SolutionConfigurationPlatforms) = preSolution
		Debug|Any CPU = Debug|Any CPU
		Release|Any CPU = Release|Any CPU
	EndGlobalSection
	GlobalSection(ProjectConfigurationPlatforms) = postSolution
		{C698CE3E-BAB5-4242-B607-B86C1B9F4B98}.Debug|Any CPU.ActiveCfg = Debug|Any CPU
		{C698CE3E-BAB5-4242-B607-B86C1B9F4B98}.Debug|Any CPU.Build.0 = Debug|Any CPU
		{C698CE3E-BAB5-4242-B607-B86C1B9F4B98}.Release|Any CPU.ActiveCfg = Release|Any CPU
		{C698CE3E-BAB5-4242-B607-B86C1B9F4B98}.Release|Any CPU.Build.0 = Release|Any CPU
	EndGlobalSection
	GlobalSection(SolutionProperties) = preSolution
		HideSolutionNode = FALSE
	EndGlobalSection
	GlobalSection(ExtensibilityGlobals) = postSolution
		SolutionGuid = {7A795819-63F5-4D4D-8776-944C68DFC351}
	EndGlobalSection
EndGlobal
